
Microsoft Visual Studio Solution File, Format Version 12.00
# Visual Studio Version 16
VisualStudioVersion = 16.0.31911.196
MinimumVisualStudioVersion = 10.0.40219.1
Project("{2150E333-8FDC-42A3-9474-1A3956D46DE8}") = "Data", "Data", "{4752D386-94D4-41DE-934D-4C782239BF96}"
EndProject
Project("{2150E333-8FDC-42A3-9474-1A3956D46DE8}") = "Model", "Model", "{909189FD-BE49-48B6-8555-E1768D7CA32C}"
EndProject
Project("{2150E333-8FDC-42A3-9474-1A3956D46DE8}") = "src", "src", "{213AB6D3-2F71-4C37-B6A9-2D3076ABA05B}"
EndProject
Project("{2150E333-8FDC-42A3-9474-1A3956D46DE8}") = "Services", "Services", "{67683D15-D32D-4F94-A5D8-68214ECD5717}"
EndProject
Project("{2150E333-8FDC-42A3-9474-1A3956D46DE8}") = "Infra", "Infra", "{0A84E670-61F7-427B-BF84-F299F2239AF3}"
EndProject
Project("{9A19103F-16F7-4668-BE54-9A1E7A4F7556}") = "APP.Auth.Model", "Model\APP.Auth.Model\APP.Auth.Model.csproj", "{C3FDBB9C-1D55-4C34-BE55-9D345B703F93}"
EndProject
Project("{9A19103F-16F7-4668-BE54-9A1E7A4F7556}") = "APP.Base.Model", "Model\APP.Base.Model\APP.Base.Model.csproj", "{ED9AE923-3A53-48CD-835A-67E0BE5073E7}"
EndProject
Project("{9A19103F-16F7-4668-BE54-9A1E7A4F7556}") = "APP.Data", "Data\APP.Data\APP.Data.csproj", "{1ACFCF2E-DEE0-4088-AA7B-4C6E68CA008B}"
	ProjectSection(ProjectDependencies) = postProject
		{ED9AE923-3A53-48CD-835A-67E0BE5073E7} = {ED9AE923-3A53-48CD-835A-67E0BE5073E7}
	EndProjectSection
EndProject
Project("{9A19103F-16F7-4668-BE54-9A1E7A4F7556}") = "APP.Auth.API", "Services\APP.Auth.API\APP.Auth.API.csproj", "{C26E5540-9F9A-44E2-AE7E-FDDC70E39E9C}"
EndProject
Project("{2150E333-8FDC-42A3-9474-1A3956D46DE8}") = "Helper", "Helper", "{17753C37-E27C-450D-B224-C45F813E5B08}"
EndProject
Project("{9A19103F-16F7-4668-BE54-9A1E7A4F7556}") = "APP.Infra.Base", "Infra\Helper\APP.Infra.Base\APP.Infra.Base.csproj", "{56B14EA1-6BEE-46A0-9068-F780E9C9434D}"
EndProject
Global
	GlobalSection(SolutionConfigurationPlatforms) = preSolution
		Debug|Any CPU = Debug|Any CPU
		Release|Any CPU = Release|Any CPU
	EndGlobalSection
	GlobalSection(ProjectConfigurationPlatforms) = postSolution
		{C3FDBB9C-1D55-4C34-BE55-9D345B703F93}.Debug|Any CPU.ActiveCfg = Debug|Any CPU
		{C3FDBB9C-1D55-4C34-BE55-9D345B703F93}.Debug|Any CPU.Build.0 = Debug|Any CPU
		{C3FDBB9C-1D55-4C34-BE55-9D345B703F93}.Release|Any CPU.ActiveCfg = Release|Any CPU
		{C3FDBB9C-1D55-4C34-BE55-9D345B703F93}.Release|Any CPU.Build.0 = Release|Any CPU
		{ED9AE923-3A53-48CD-835A-67E0BE5073E7}.Debug|Any CPU.ActiveCfg = Debug|Any CPU
		{ED9AE923-3A53-48CD-835A-67E0BE5073E7}.Debug|Any CPU.Build.0 = Debug|Any CPU
		{ED9AE923-3A53-48CD-835A-67E0BE5073E7}.Release|Any CPU.ActiveCfg = Release|Any CPU
		{ED9AE923-3A53-48CD-835A-67E0BE5073E7}.Release|Any CPU.Build.0 = Release|Any CPU
		{1ACFCF2E-DEE0-4088-AA7B-4C6E68CA008B}.Debug|Any CPU.ActiveCfg = Debug|Any CPU
		{1ACFCF2E-DEE0-4088-AA7B-4C6E68CA008B}.Debug|Any CPU.Build.0 = Debug|Any CPU
		{1ACFCF2E-DEE0-4088-AA7B-4C6E68CA008B}.Release|Any CPU.ActiveCfg = Release|Any CPU
		{1ACFCF2E-DEE0-4088-AA7B-4C6E68CA008B}.Release|Any CPU.Build.0 = Release|Any CPU
		{C26E5540-9F9A-44E2-AE7E-FDDC70E39E9C}.Debug|Any CPU.ActiveCfg = Debug|Any CPU
		{C26E5540-9F9A-44E2-AE7E-FDDC70E39E9C}.Debug|Any CPU.Build.0 = Debug|Any CPU
		{C26E5540-9F9A-44E2-AE7E-FDDC70E39E9C}.Release|Any CPU.ActiveCfg = Release|Any CPU
		{C26E5540-9F9A-44E2-AE7E-FDDC70E39E9C}.Release|Any CPU.Build.0 = Release|Any CPU
		{56B14EA1-6BEE-46A0-9068-F780E9C9434D}.Debug|Any CPU.ActiveCfg = Debug|Any CPU
		{56B14EA1-6BEE-46A0-9068-F780E9C9434D}.Debug|Any CPU.Build.0 = Debug|Any CPU
		{56B14EA1-6BEE-46A0-9068-F780E9C9434D}.Release|Any CPU.ActiveCfg = Release|Any CPU
		{56B14EA1-6BEE-46A0-9068-F780E9C9434D}.Release|Any CPU.Build.0 = Release|Any CPU
	EndGlobalSection
	GlobalSection(SolutionProperties) = preSolution
		HideSolutionNode = FALSE
	EndGlobalSection
	GlobalSection(NestedProjects) = preSolution
		{4752D386-94D4-41DE-934D-4C782239BF96} = {213AB6D3-2F71-4C37-B6A9-2D3076ABA05B}
		{909189FD-BE49-48B6-8555-E1768D7CA32C} = {213AB6D3-2F71-4C37-B6A9-2D3076ABA05B}
		{67683D15-D32D-4F94-A5D8-68214ECD5717} = {213AB6D3-2F71-4C37-B6A9-2D3076ABA05B}
		{0A84E670-61F7-427B-BF84-F299F2239AF3} = {213AB6D3-2F71-4C37-B6A9-2D3076ABA05B}
		{C3FDBB9C-1D55-4C34-BE55-9D345B703F93} = {909189FD-BE49-48B6-8555-E1768D7CA32C}
		{ED9AE923-3A53-48CD-835A-67E0BE5073E7} = {909189FD-BE49-48B6-8555-E1768D7CA32C}
		{1ACFCF2E-DEE0-4088-AA7B-4C6E68CA008B} = {4752D386-94D4-41DE-934D-4C782239BF96}
		{C26E5540-9F9A-44E2-AE7E-FDDC70E39E9C} = {67683D15-D32D-4F94-A5D8-68214ECD5717}
		{17753C37-E27C-450D-B224-C45F813E5B08} = {0A84E670-61F7-427B-BF84-F299F2239AF3}
		{56B14EA1-6BEE-46A0-9068-F780E9C9434D} = {17753C37-E27C-450D-B224-C45F813E5B08}
	EndGlobalSection
	GlobalSection(ExtensibilityGlobals) = postSolution
		SolutionGuid = {103CA9A7-06CE-4AA9-80E2-C40C17796B82}
	EndGlobalSection
EndGlobal
